// !$*UTF8*$!
{
	archiveVersion = 1;
	classes = {
	};
	objectVersion = 46;
	objects = {

/* Begin PBXBuildFile section */
		36E33BB91BB040400054D977 /* AppDelegate.swift in Sources */ = {isa = PBXBuildFile; fileRef = 36E33BB81BB040400054D977 /* AppDelegate.swift */; };
		36E33BBB1BB040400054D977 /* ViewController.swift in Sources */ = {isa = PBXBuildFile; fileRef = 36E33BBA1BB040400054D977 /* ViewController.swift */; };
		36E33BBE1BB040400054D977 /* Main.storyboard in Resources */ = {isa = PBXBuildFile; fileRef = 36E33BBC1BB040400054D977 /* Main.storyboard */; };
		36E33BC01BB040400054D977 /* Assets.xcassets in Resources */ = {isa = PBXBuildFile; fileRef = 36E33BBF1BB040400054D977 /* Assets.xcassets */; };
		36E33BC31BB040400054D977 /* LaunchScreen.storyboard in Resources */ = {isa = PBXBuildFile; fileRef = 36E33BC11BB040400054D977 /* LaunchScreen.storyboard */; };
		36E33BCE1BB040400054D977 /* Downloading_Web_ContentTests.swift in Sources */ = {isa = PBXBuildFile; fileRef = 36E33BCD1BB040400054D977 /* Downloading_Web_ContentTests.swift */; };
		36E33BD91BB040400054D977 /* Downloading_Web_ContentUITests.swift in Sources */ = {isa = PBXBuildFile; fileRef = 36E33BD81BB040400054D977 /* Downloading_Web_ContentUITests.swift */; };
/* End PBXBuildFile section */

/* Begin PBXContainerItemProxy section */
		36E33BCA1BB040400054D977 /* PBXContainerItemProxy */ = {
			isa = PBXContainerItemProxy;
			containerPortal = 36E33BAD1BB040400054D977 /* Project object */;
			proxyType = 1;
			remoteGlobalIDString = 36E33BB41BB040400054D977;
			remoteInfo = "Downloading Web Content";
		};
		36E33BD51BB040400054D977 /* PBXContainerItemProxy */ = {
			isa = PBXContainerItemProxy;
			containerPortal = 36E33BAD1BB040400054D977 /* Project object */;
			proxyType = 1;
			remoteGlobalIDString = 36E33BB41BB040400054D977;
			remoteInfo = "Downloading Web Content";
		};
/* End PBXContainerItemProxy section */

/* Begin PBXFileReference section */
		36E33BB51BB040400054D977 /* Downloading Web Content.app */ = {isa = PBXFileReference; explicitFileType = wrapper.application; includeInIndex = 0; path = "Downloading Web Content.app"; sourceTree = BUILT_PRODUCTS_DIR; };
		36E33BB81BB040400054D977 /* AppDelegate.swift */ = {isa = PBXFileReference; lastKnownFileType = sourcecode.swift; path = AppDelegate.swift; sourceTree = "<group>"; };
		36E33BBA1BB040400054D977 /* ViewController.swift */ = {isa = PBXFileReference; lastKnownFileType = sourcecode.swift; path = ViewController.swift; sourceTree = "<group>"; };
		36E33BBD1BB040400054D977 /* Base */ = {isa = PBXFileReference; lastKnownFileType = file.storyboard; name = Base; path = Base.lproj/Main.storyboard; sourceTree = "<group>"; };
		36E33BBF1BB040400054D977 /* Assets.xcassets */ = {isa = PBXFileReference; lastKnownFileType = folder.assetcatalog; path = Assets.xcassets; sourceTree = "<group>"; };
		36E33BC21BB040400054D977 /* Base */ = {isa = PBXFileReference; lastKnownFileType = file.storyboard; name = Base; path = Base.lproj/LaunchScreen.storyboard; sourceTree = "<group>"; };
		36E33BC41BB040400054D977 /* Info.plist */ = {isa = PBXFileReference; lastKnownFileType = text.plist.xml; path = Info.plist; sourceTree = "<group>"; };
		36E33BC91BB040400054D977 /* Downloading Web ContentTests.xctest */ = {isa = PBXFileReference; explicitFileType = wrapper.cfbundle; includeInIndex = 0; path = "Downloading Web ContentTests.xctest"; sourceTree = BUILT_PRODUCTS_DIR; };
		36E33BCD1BB040400054D977 /* Downloading_Web_ContentTests.swift */ = {isa = PBXFileReference; lastKnownFileType = sourcecode.swift; path = Downloading_Web_ContentTests.swift; sourceTree = "<group>"; };
		36E33BCF1BB040400054D977 /* Info.plist */ = {isa = PBXFileReference; lastKnownFileType = text.plist.xml; path = Info.plist; sourceTree = "<group>"; };
		36E33BD41BB040400054D977 /* Downloading Web ContentUITests.xctest */ = {isa = PBXFileReference; explicitFileType = wrapper.cfbundle; includeInIndex = 0; path = "Downloading Web ContentUITests.xctest"; sourceTree = BUILT_PRODUCTS_DIR; };
		36E33BD81BB040400054D977 /* Downloading_Web_ContentUITests.swift */ = {isa = PBXFileReference; lastKnownFileType = sourcecode.swift; path = Downloading_Web_ContentUITests.swift; sourceTree = "<group>"; };
		36E33BDA1BB040400054D977 /* Info.plist */ = {isa = PBXFileReference; lastKnownFileType = text.plist.xml; path = Info.plist; sourceTree = "<group>"; };
/* End PBXFileReference section */

/* Begin PBXFrameworksBuildPhase section */
		36E33BB21BB040400054D977 /* Frameworks */ = {
			isa = PBXFrameworksBuildPhase;
			buildActionMask = 2147483647;
			files = (
			);
			runOnlyForDeploymentPostprocessing = 0;
		};
		36E33BC61BB040400054D977 /* Frameworks */ = {
			isa = PBXFrameworksBuildPhase;
			buildActionMask = 2147483647;
			files = (
			);
			runOnlyForDeploymentPostprocessing = 0;
		};
		36E33BD11BB040400054D977 /* Frameworks */ = {
			isa = PBXFrameworksBuildPhase;
			buildActionMask = 2147483647;
			files = (
			);
			runOnlyForDeploymentPostprocessing = 0;
		};
/* End PBXFrameworksBuildPhase section */

/* Begin PBXGroup section */
		36E33BAC1BB040400054D977 = {
			isa = PBXGroup;
			children = (
				36E33BB71BB040400054D977 /* Downloading Web Content */,
				36E33BCC1BB040400054D977 /* Downloading Web ContentTests */,
				36E33BD71BB040400054D977 /* Downloading Web ContentUITests */,
				36E33BB61BB040400054D977 /* Products */,
			);
			sourceTree = "<group>";
		};
		36E33BB61BB040400054D977 /* Products */ = {
			isa = PBXGroup;
			children = (
				36E33BB51BB040400054D977 /* Downloading Web Content.app */,
				36E33BC91BB040400054D977 /* Downloading Web ContentTests.xctest */,
				36E33BD41BB040400054D977 /* Downloading Web ContentUITests.xctest */,
			);
			name = Products;
			sourceTree = "<group>";
		};
		36E33BB71BB040400054D977 /* Downloading Web Content */ = {
			isa = PBXGroup;
			children = (
				36E33BB81BB040400054D977 /* AppDelegate.swift */,
				36E33BBA1BB040400054D977 /* ViewController.swift */,
				36E33BBC1BB040400054D977 /* Main.storyboard */,
				36E33BBF1BB040400054D977 /* Assets.xcassets */,
				36E33BC11BB040400054D977 /* LaunchScreen.storyboard */,
				36E33BC41BB040400054D977 /* Info.plist */,
			);
			path = "Downloading Web Content";
			sourceTree = "<group>";
		};
		36E33BCC1BB040400054D977 /* Downloading Web ContentTests */ = {
			isa = PBXGroup;
			children = (
				36E33BCD1BB040400054D977 /* Downloading_Web_ContentTests.swift */,
				36E33BCF1BB040400054D977 /* Info.plist */,
			);
			path = "Downloading Web ContentTests";
			sourceTree = "<group>";
		};
		36E33BD71BB040400054D977 /* Downloading Web ContentUITests */ = {
			isa = PBXGroup;
			children = (
				36E33BD81BB040400054D977 /* Downloading_Web_ContentUITests.swift */,
				36E33BDA1BB040400054D977 /* Info.plist */,
			);
			path = "Downloading Web ContentUITests";
			sourceTree = "<group>";
		};
/* End PBXGroup section */

/* Begin PBXNativeTarget section */
		36E33BB41BB040400054D977 /* Downloading Web Content */ = {
			isa = PBXNativeTarget;
			buildConfigurationList = 36E33BDD1BB040400054D977 /* Build configuration list for PBXNativeTarget "Downloading Web Content" */;
			buildPhases = (
				36E33BB11BB040400054D977 /* Sources */,
				36E33BB21BB040400054D977 /* Frameworks */,
				36E33BB31BB040400054D977 /* Resources */,
			);
			buildRules = (
			);
			dependencies = (
			);
			name = "Downloading Web Content";
			productName = "Downloading Web Content";
			productReference = 36E33BB51BB040400054D977 /* Downloading Web Content.app */;
			productType = "com.apple.product-type.application";
		};
		36E33BC81BB040400054D977 /* Downloading Web ContentTests */ = {
			isa = PBXNativeTarget;
			buildConfigurationList = 36E33BE01BB040400054D977 /* Build configuration list for PBXNativeTarget "Downloading Web ContentTests" */;
			buildPhases = (
				36E33BC51BB040400054D977 /* Sources */,
				36E33BC61BB040400054D977 /* Frameworks */,
				36E33BC71BB040400054D977 /* Resources */,
			);
			buildRules = (
			);
			dependencies = (
				36E33BCB1BB040400054D977 /* PBXTargetDependency */,
			);
			name = "Downloading Web ContentTests";
			productName = "Downloading Web ContentTests";
			productReference = 36E33BC91BB040400054D977 /* Downloading Web ContentTests.xctest */;
			productType = "com.apple.product-type.bundle.unit-test";
		};
		36E33BD31BB040400054D977 /* Downloading Web ContentUITests */ = {
			isa = PBXNativeTarget;
			buildConfigurationList = 36E33BE31BB040400054D977 /* Build configuration list for PBXNativeTarget "Downloading Web ContentUITests" */;
			buildPhases = (
				36E33BD01BB040400054D977 /* Sources */,
				36E33BD11BB040400054D977 /* Frameworks */,
				36E33BD21BB040400054D977 /* Resources */,
			);
			buildRules = (
			);
			dependencies = (
				36E33BD61BB040400054D977 /* PBXTargetDependency */,
			);
			name = "Downloading Web ContentUITests";
			productName = "Downloading Web ContentUITests";
			productReference = 36E33BD41BB040400054D977 /* Downloading Web ContentUITests.xctest */;
			productType = "com.apple.product-type.bundle.ui-testing";
		};
/* End PBXNativeTarget section */

/* Begin PBXProject section */
		36E33BAD1BB040400054D977 /* Project object */ = {
			isa = PBXProject;
			attributes = {
				LastUpgradeCheck = 0700;
				ORGANIZATIONNAME = WangHaixin;
				TargetAttributes = {
					36E33BB41BB040400054D977 = {
						CreatedOnToolsVersion = 7.0;
						DevelopmentTeam = JNVSEXGZ3A;
					};
					36E33BC81BB040400054D977 = {
						CreatedOnToolsVersion = 7.0;
						TestTargetID = 36E33BB41BB040400054D977;
					};
					36E33BD31BB040400054D977 = {
						CreatedOnToolsVersion = 7.0;
						TestTargetID = 36E33BB41BB040400054D977;
					};
				};
			};
			buildConfigurationList = 36E33BB01BB040400054D977 /* Build configuration list for PBXProject "Downloading Web Content" */;
			compatibilityVersion = "Xcode 3.2";
			developmentRegion = English;
			hasScannedForEncodings = 0;
			knownRegions = (
				en,
				Base,
			);
			mainGroup = 36E33BAC1BB040400054D977;
			productRefGroup = 36E33BB61BB040400054D977 /* Products */;
			projectDirPath = "";
			projectRoot = "";
			targets = (
				36E33BB41BB040400054D977 /* Downloading Web Content */,
				36E33BC81BB040400054D977 /* Downloading Web ContentTests */,
				36E33BD31BB040400054D977 /* Downloading Web ContentUITests */,
			);
		};
/* End PBXProject section */

/* Begin PBXResourcesBuildPhase section */
		36E33BB31BB040400054D977 /* Resources */ = {
			isa = PBXResourcesBuildPhase;
			buildActionMask = 2147483647;
			files = (
				36E33BC31BB040400054D977 /* LaunchScreen.storyboard in Resources */,
				36E33BC01BB040400054D977 /* Assets.xcassets in Resources */,
				36E33BBE1BB040400054D977 /* Main.storyboard in Resources */,
			);
			runOnlyForDeploymentPostprocessing = 0;
		};
		36E33BC71BB040400054D977 /* Resources */ = {
			isa = PBXResourcesBuildPhase;
			buildActionMask = 2147483647;
			files = (
			);
			runOnlyForDeploymentPostprocessing = 0;
		};
		36E33BD21BB040400054D977 /* Resources */ = {
			isa = PBXResourcesBuildPhase;
			buildActionMask = 2147483647;
			files = (
			);
			runOnlyForDeploymentPostprocessing = 0;
		};
/* End PBXResourcesBuildPhase section */

/* Begin PBXSourcesBuildPhase section */
		36E33BB11BB040400054D977 /* Sources */ = {
			isa = PBXSourcesBuildPhase;
			buildActionMask = 2147483647;
			files = (
				36E33BBB1BB040400054D977 /* ViewController.swift in Sources */,
				36E33BB91BB040400054D977 /* AppDelegate.swift in Sources */,
			);
			runOnlyForDeploymentPostprocessing = 0;
		};
		36E33BC51BB040400054D977 /* Sources */ = {
			isa = PBXSourcesBuildPhase;
			buildActionMask = 2147483647;
			files = (
				36E33BCE1BB040400054D977 /* Downloading_Web_ContentTests.swift in Sources */,
			);
			runOnlyForDeploymentPostprocessing = 0;
		};
		36E33BD01BB040400054D977 /* Sources */ = {
			isa = PBXSourcesBuildPhase;
			buildActionMask = 2147483647;
			files = (
				36E33BD91BB040400054D977 /* Downloading_Web_ContentUITests.swift in Sources */,
			);
			runOnlyForDeploymentPostprocessing = 0;
		};
/* End PBXSourcesBuildPhase section */

/* Begin PBXTargetDependency section */
		36E33BCB1BB040400054D977 /* PBXTargetDependency */ = {
			isa = PBXTargetDependency;
			target = 36E33BB41BB040400054D977 /* Downloading Web Content */;
			targetProxy = 36E33BCA1BB040400054D977 /* PBXContainerItemProxy */;
		};
		36E33BD61BB040400054D977 /* PBXTargetDependency */ = {
			isa = PBXTargetDependency;
			target = 36E33BB41BB040400054D977 /* Downloading Web Content */;
			targetProxy = 36E33BD51BB040400054D977 /* PBXContainerItemProxy */;
		};
/* End PBXTargetDependency section */

/* Begin PBXVariantGroup section */
		36E33BBC1BB040400054D977 /* Main.storyboard */ = {
			isa = PBXVariantGroup;
			children = (
				36E33BBD1BB040400054D977 /* Base */,
			);
			name = Main.storyboard;
			sourceTree = "<group>";
		};
		36E33BC11BB040400054D977 /* LaunchScreen.storyboard */ = {
			isa = PBXVariantGroup;
			children = (
				36E33BC21BB040400054D977 /* Base */,
			);
			name = LaunchScreen.storyboard;
			sourceTree = "<group>";
		};
/* End PBXVariantGroup section */

/* Begin XCBuildConfiguration section */
		36E33BDB1BB040400054D977 /* Debug */ = {
			isa = XCBuildConfiguration;
			buildSettings = {
				ALWAYS_SEARCH_USER_PATHS = NO;
				CLANG_CXX_LANGUAGE_STANDARD = "gnu++0x";
				CLANG_CXX_LIBRARY = "libc++";
				CLANG_ENABLE_MODULES = YES;
				CLANG_ENABLE_OBJC_ARC = YES;
				CLANG_WARN_BOOL_CONVERSION = YES;
				CLANG_WARN_CONSTANT_CONVERSION = YES;
				CLANG_WARN_DIRECT_OBJC_ISA_USAGE = YES_ERROR;
				CLANG_WARN_EMPTY_BODY = YES;
				CLANG_WARN_ENUM_CONVERSION = YES;
				CLANG_WARN_INT_CONVERSION = YES;
				CLANG_WARN_OBJC_ROOT_CLASS = YES_ERROR;
				CLANG_WARN_UNREACHABLE_CODE = YES;
				CLANG_WARN__DUPLICATE_METHOD_MATCH = YES;
				"CODE_SIGN_IDENTITY[sdk=iphoneos*]" = "iPhone Developer";
				COPY_PHASE_STRIP = NO;
				DEBUG_INFORMATION_FORMAT = dwarf;
				ENABLE_STRICT_OBJC_MSGSEND = YES;
				ENABLE_TESTABILITY = YES;
				GCC_C_LANGUAGE_STANDARD = gnu99;
				GCC_DYNAMIC_NO_PIC = NO;
				GCC_NO_COMMON_BLOCKS = YES;
				GCC_OPTIMIZATION_LEVEL = 0;
				GCC_PREPROCESSOR_DEFINITIONS = (
					"DEBUG=1",
					"$(inherited)",
				);
				GCC_WARN_64_TO_32_BIT_CONVERSION = YES;
				GCC_WARN_ABOUT_RETURN_TYPE = YES_ERROR;
				GCC_WARN_UNDECLARED_SELECTOR = YES;
				GCC_WARN_UNINITIALIZED_AUTOS = YES_AGGRESSIVE;
				GCC_WARN_UNUSED_FUNCTION = YES;
				GCC_WARN_UNUSED_VARIABLE = YES;
				IPHONEOS_DEPLOYMENT_TARGET = 8.4;
				MTL_ENABLE_DEBUG_INFO = YES;
				ONLY_ACTIVE_ARCH = YES;
				SDKROOT = iphoneos9.0;
				SWIFT_OPTIMIZATION_LEVEL = "-Onone";
			};
			name = Debug;
		};
		36E33BDC1BB040400054D977 /* Release */ = {
			isa = XCBuildConfiguration;
			buildSettings = {
				ALWAYS_SEARCH_USER_PATHS = NO;
				CLANG_CXX_LANGUAGE_STANDARD = "gnu++0x";
				CLANG_CXX_LIBRARY = "libc++";
				CLANG_ENABLE_MODULES = YES;
				CLANG_ENABLE_OBJC_ARC = YES;
				CLANG_WARN_BOOL_CONVERSION = YES;
				CLANG_WARN_CONSTANT_CONVERSION = YES;
				CLANG_WARN_DIRECT_OBJC_ISA_USAGE = YES_ERROR;
				CLANG_WARN_EMPTY_BODY = YES;
				CLANG_WARN_ENUM_CONVERSION = YES;
				CLANG_WARN_INT_CONVERSION = YES;
				CLANG_WARN_OBJC_ROOT_CLASS = YES_ERROR;
				CLANG_WARN_UNREACHABLE_CODE = YES;
				CLANG_WARN__DUPLICATE_METHOD_MATCH = YES;
				"CODE_SIGN_IDENTITY[sdk=iphoneos*]" = "iPhone Developer";
				COPY_PHASE_STRIP = NO;
				DEBUG_INFORMATION_FORMAT = "dwarf-with-dsym";
				ENABLE_NS_ASSERTIONS = NO;
				ENABLE_STRICT_OBJC_MSGSEND = YES;
				GCC_C_LANGUAGE_STANDARD = gnu99;
				GCC_NO_COMMON_BLOCKS = YES;
				GCC_WARN_64_TO_32_BIT_CONVERSION = YES;
				GCC_WARN_ABOUT_RETURN_TYPE = YES_ERROR;
				GCC_WARN_UNDECLARED_SELECTOR = YES;
				GCC_WARN_UNINITIALIZED_AUTOS = YES_AGGRESSIVE;
				GCC_WARN_UNUSED_FUNCTION = YES;
				GCC_WARN_UNUSED_VARIABLE = YES;
				IPHONEOS_DEPLOYMENT_TARGET = 8.4;
				MTL_ENABLE_DEBUG_INFO = NO;
				SDKROOT = iphoneos9.0;
				VALIDATE_PRODUCT = YES;
			};
			name = Release;
		};
		36E33BDE1BB040400054D977 /* Debug */ = {
			isa = XCBuildConfiguration;
			buildSettings = {
				ASSETCATALOG_COMPILER_APPICON_NAME = AppIcon;
				CODE_SIGN_IDENTITY = "iPhone Developer";
				"CODE_SIGN_IDENTITY[sdk=iphoneos*]" = "iPhone Developer";
				INFOPLIST_FILE = "Downloading Web Content/Info.plist";
				LD_RUNPATH_SEARCH_PATHS = "$(inherited) @executable_path/Frameworks";
				PRODUCT_BUNDLE_IDENTIFIER = "haixin.Downloading-Web-Content";
				PRODUCT_NAME = "$(TARGET_NAME)";
				PROVISIONING_PROFILE = "";
			};
			name = Debug;
		};
		36E33BDF1BB040400054D977 /* Release */ = {
			isa = XCBuildConfiguration;
			buildSettings = {
				ASSETCATALOG_COMPILER_APPICON_NAME = AppIcon;
				CODE_SIGN_IDENTITY = "iPhone Developer";
				"CODE_SIGN_IDENTITY[sdk=iphoneos*]" = "iPhone Developer";
				INFOPLIST_FILE = "Downloading Web Content/Info.plist";
				LD_RUNPATH_SEARCH_PATHS = "$(inherited) @executable_path/Frameworks";
				PRODUCT_BUNDLE_IDENTIFIER = "haixin.Downloading-Web-Content";
				PRODUCT_NAME = "$(TARGET_NAME)";
				PROVISIONING_PROFILE = "";
			};
			name = Release;
		};
		36E33BE11BB040400054D977 /* Debug */ = {
			isa = XCBuildConfiguration;
			buildSettings = {
				BUNDLE_LOADER = "$(TEST_HOST)";
				INFOPLIST_FILE = "Downloading Web ContentTests/Info.plist";
				LD_RUNPATH_SEARCH_PATHS = "$(inherited) @executable_path/Frameworks @loader_path/Frameworks";
				PRODUCT_BUNDLE_IDENTIFIER = "haixin.Downloading-Web-ContentTests";
				PRODUCT_NAME = "$(TARGET_NAME)";
				TEST_HOST = "$(BUILT_PRODUCTS_DIR)/Downloading Web Content.app/Downloading Web Content";
			};
			name = Debug;
		};
		36E33BE21BB040400054D977 /* Release */ = {
			isa = XCBuildConfiguration;
			buildSettings = {
				BUNDLE_LOADER = "$(TEST_HOST)";
				INFOPLIST_FILE = "Downloading Web ContentTests/Info.plist";
				LD_RUNPATH_SEARCH_PATHS = "$(inherited) @executable_path/Frameworks @loader_path/Frameworks";
				PRODUCT_BUNDLE_IDENTIFIER = "haixin.Downloading-Web-ContentTests";
				PRODUCT_NAME = "$(TARGET_NAME)";
				TEST_HOST = "$(BUILT_PRODUCTS_DIR)/Downloading Web Content.app/Downloading Web Content";
			};
			name = Release;
		};
		36E33BE41BB040400054D977 /* Debug */ = {
			isa = XCBuildConfiguration;
			buildSettings = {
				INFOPLIST_FILE = "Downloading Web ContentUITests/Info.plist";
				LD_RUNPATH_SEARCH_PATHS = "$(inherited) @executable_path/Frameworks @loader_path/Frameworks";
				PRODUCT_BUNDLE_IDENTIFIER = "haixin.Downloading-Web-ContentUITests";
				PRODUCT_NAME = "$(TARGET_NAME)";
				TEST_TARGET_NAME = "Downloading Web Content";
				USES_XCTRUNNER = YES;
			};
			name = Debug;
		};
		36E33BE51BB040400054D977 /* Release */ = {
			isa = XCBuildConfiguration;
			buildSettings = {
				INFOPLIST_FILE = "Downloading Web ContentUITests/Info.plist";
				LD_RUNPATH_SEARCH_PATHS = "$(inherited) @executable_path/Frameworks @loader_path/Frameworks";
				PRODUCT_BUNDLE_IDENTIFIER = "haixin.Downloading-Web-ContentUITests";
				PRODUCT_NAME = "$(TARGET_NAME)";
				TEST_TARGET_NAME = "Downloading Web Content";
				USES_XCTRUNNER = YES;
			};
			name = Release;
		};
/* End XCBuildConfiguration section */

/* Begin XCConfigurationList section */
		36E33BB01BB040400054D977 /* Build configuration list for PBXProject "Downloading Web Content" */ = {
			isa = XCConfigurationList;
			buildConfigurations = (
				36E33BDB1BB040400054D977 /* Debug */,
				36E33BDC1BB040400054D977 /* Release */,
			);
			defaultConfigurationIsVisible = 0;
			defaultConfigurationName = Release;
		};
		36E33BDD1BB040400054D977 /* Build configuration list for PBXNativeTarget "Downloading Web Content" */ = {
			isa = XCConfigurationList;
			buildConfigurations = (
				36E33BDE1BB040400054D977 /* Debug */,
				36E33BDF1BB040400054D977 /* Release */,
			);
			defaultConfigurationIsVisible = 0;
		};
		36E33BE01BB040400054D977 /* Build configuration list for PBXNativeTarget "Downloading Web ContentTests" */ = {
			isa = XCConfigurationList;
			buildConfigurations = (
				36E33BE11BB040400054D977 /* Debug */,
				36E33BE21BB040400054D977 /* Release */,
			);
			defaultConfigurationIsVisible = 0;
		};
		36E33BE31BB040400054D977 /* Build configuration list for PBXNativeTarget "Downloading Web ContentUITests" */ = {
			isa = XCConfigurationList;
			buildConfigurations = (
				36E33BE41BB040400054D977 /* Debug */,
				36E33BE51BB040400054D977 /* Release */,
			);
			defaultConfigurationIsVisible = 0;
		};
/* End XCConfigurationList section */
	};
	rootObject = 36E33BAD1BB040400054D977 /* Project object */;
}
