// !$*UTF8*$!
{
	archiveVersion = 1;
	classes = {
	};
	objectVersion = 46;
	objects = {

/* Begin PBXBuildFile section */
		36474BDD1C0F9F5600ABBBF1 /* LoadingTableViewCell.swift in Sources */ = {isa = PBXBuildFile; fileRef = 36474BDC1C0F9F5600ABBBF1 /* LoadingTableViewCell.swift */; };
		36976C7F1C0CD25400B39243 /* AppDelegate.swift in Sources */ = {isa = PBXBuildFile; fileRef = 36976C7E1C0CD25400B39243 /* AppDelegate.swift */; };
		36976C811C0CD25400B39243 /* ViewController.swift in Sources */ = {isa = PBXBuildFile; fileRef = 36976C801C0CD25400B39243 /* ViewController.swift */; };
		36976C841C0CD25400B39243 /* Main.storyboard in Resources */ = {isa = PBXBuildFile; fileRef = 36976C821C0CD25400B39243 /* Main.storyboard */; };
		36976C861C0CD25400B39243 /* Assets.xcassets in Resources */ = {isa = PBXBuildFile; fileRef = 36976C851C0CD25400B39243 /* Assets.xcassets */; };
		36976C891C0CD25400B39243 /* LaunchScreen.storyboard in Resources */ = {isa = PBXBuildFile; fileRef = 36976C871C0CD25400B39243 /* LaunchScreen.storyboard */; };
		36976C961C0E46E000B39243 /* Cell.swift in Sources */ = {isa = PBXBuildFile; fileRef = 36976C951C0E46E000B39243 /* Cell.swift */; };
/* End PBXBuildFile section */

/* Begin PBXFileReference section */
		36474BDC1C0F9F5600ABBBF1 /* LoadingTableViewCell.swift */ = {isa = PBXFileReference; fileEncoding = 4; lastKnownFileType = sourcecode.swift; path = LoadingTableViewCell.swift; sourceTree = "<group>"; };
		36976C7B1C0CD25400B39243 /* FreshController Demo.app */ = {isa = PBXFileReference; explicitFileType = wrapper.application; includeInIndex = 0; path = "FreshController Demo.app"; sourceTree = BUILT_PRODUCTS_DIR; };
		36976C7E1C0CD25400B39243 /* AppDelegate.swift */ = {isa = PBXFileReference; lastKnownFileType = sourcecode.swift; path = AppDelegate.swift; sourceTree = "<group>"; };
		36976C801C0CD25400B39243 /* ViewController.swift */ = {isa = PBXFileReference; lastKnownFileType = sourcecode.swift; path = ViewController.swift; sourceTree = "<group>"; };
		36976C831C0CD25400B39243 /* Base */ = {isa = PBXFileReference; lastKnownFileType = file.storyboard; name = Base; path = Base.lproj/Main.storyboard; sourceTree = "<group>"; };
		36976C851C0CD25400B39243 /* Assets.xcassets */ = {isa = PBXFileReference; lastKnownFileType = folder.assetcatalog; path = Assets.xcassets; sourceTree = "<group>"; };
		36976C881C0CD25400B39243 /* Base */ = {isa = PBXFileReference; lastKnownFileType = file.storyboard; name = Base; path = Base.lproj/LaunchScreen.storyboard; sourceTree = "<group>"; };
		36976C8A1C0CD25400B39243 /* Info.plist */ = {isa = PBXFileReference; lastKnownFileType = text.plist.xml; path = Info.plist; sourceTree = "<group>"; };
		36976C951C0E46E000B39243 /* Cell.swift */ = {isa = PBXFileReference; fileEncoding = 4; lastKnownFileType = sourcecode.swift; path = Cell.swift; sourceTree = "<group>"; };
/* End PBXFileReference section */

/* Begin PBXFrameworksBuildPhase section */
		36976C781C0CD25400B39243 /* Frameworks */ = {
			isa = PBXFrameworksBuildPhase;
			buildActionMask = 2147483647;
			files = (
			);
			runOnlyForDeploymentPostprocessing = 0;
		};
/* End PBXFrameworksBuildPhase section */

/* Begin PBXGroup section */
		36976C721C0CD25400B39243 = {
			isa = PBXGroup;
			children = (
				36976C7D1C0CD25400B39243 /* FreshController Demo */,
				36976C7C1C0CD25400B39243 /* Products */,
			);
			sourceTree = "<group>";
		};
		36976C7C1C0CD25400B39243 /* Products */ = {
			isa = PBXGroup;
			children = (
				36976C7B1C0CD25400B39243 /* FreshController Demo.app */,
			);
			name = Products;
			sourceTree = "<group>";
		};
		36976C7D1C0CD25400B39243 /* FreshController Demo */ = {
			isa = PBXGroup;
			children = (
				36976C7E1C0CD25400B39243 /* AppDelegate.swift */,
				36976C801C0CD25400B39243 /* ViewController.swift */,
				36976C821C0CD25400B39243 /* Main.storyboard */,
				36976C851C0CD25400B39243 /* Assets.xcassets */,
				36976C871C0CD25400B39243 /* LaunchScreen.storyboard */,
				36976C8A1C0CD25400B39243 /* Info.plist */,
				36976C951C0E46E000B39243 /* Cell.swift */,
				36474BDC1C0F9F5600ABBBF1 /* LoadingTableViewCell.swift */,
			);
			path = "FreshController Demo";
			sourceTree = "<group>";
		};
/* End PBXGroup section */

/* Begin PBXNativeTarget section */
		36976C7A1C0CD25400B39243 /* FreshController Demo */ = {
			isa = PBXNativeTarget;
			buildConfigurationList = 36976C8D1C0CD25400B39243 /* Build configuration list for PBXNativeTarget "FreshController Demo" */;
			buildPhases = (
				36976C771C0CD25400B39243 /* Sources */,
				36976C781C0CD25400B39243 /* Frameworks */,
				36976C791C0CD25400B39243 /* Resources */,
			);
			buildRules = (
			);
			dependencies = (
			);
			name = "FreshController Demo";
			productName = "FreshController Demo";
			productReference = 36976C7B1C0CD25400B39243 /* FreshController Demo.app */;
			productType = "com.apple.product-type.application";
		};
/* End PBXNativeTarget section */

/* Begin PBXProject section */
		36976C731C0CD25400B39243 /* Project object */ = {
			isa = PBXProject;
			attributes = {
				LastSwiftUpdateCheck = 0710;
				LastUpgradeCheck = 0710;
				ORGANIZATIONNAME = GMBP;
				TargetAttributes = {
					36976C7A1C0CD25400B39243 = {
						CreatedOnToolsVersion = 7.1;
					};
				};
			};
			buildConfigurationList = 36976C761C0CD25400B39243 /* Build configuration list for PBXProject "FreshController Demo" */;
			compatibilityVersion = "Xcode 3.2";
			developmentRegion = English;
			hasScannedForEncodings = 0;
			knownRegions = (
				en,
				Base,
			);
			mainGroup = 36976C721C0CD25400B39243;
			productRefGroup = 36976C7C1C0CD25400B39243 /* Products */;
			projectDirPath = "";
			projectRoot = "";
			targets = (
				36976C7A1C0CD25400B39243 /* FreshController Demo */,
			);
		};
/* End PBXProject section */

/* Begin PBXResourcesBuildPhase section */
		36976C791C0CD25400B39243 /* Resources */ = {
			isa = PBXResourcesBuildPhase;
			buildActionMask = 2147483647;
			files = (
				36976C891C0CD25400B39243 /* LaunchScreen.storyboard in Resources */,
				36976C861C0CD25400B39243 /* Assets.xcassets in Resources */,
				36976C841C0CD25400B39243 /* Main.storyboard in Resources */,
			);
			runOnlyForDeploymentPostprocessing = 0;
		};
/* End PBXResourcesBuildPhase section */

/* Begin PBXSourcesBuildPhase section */
		36976C771C0CD25400B39243 /* Sources */ = {
			isa = PBXSourcesBuildPhase;
			buildActionMask = 2147483647;
			files = (
				36976C811C0CD25400B39243 /* ViewController.swift in Sources */,
				36976C7F1C0CD25400B39243 /* AppDelegate.swift in Sources */,
				36474BDD1C0F9F5600ABBBF1 /* LoadingTableViewCell.swift in Sources */,
				36976C961C0E46E000B39243 /* Cell.swift in Sources */,
			);
			runOnlyForDeploymentPostprocessing = 0;
		};
/* End PBXSourcesBuildPhase section */

/* Begin PBXVariantGroup section */
		36976C821C0CD25400B39243 /* Main.storyboard */ = {
			isa = PBXVariantGroup;
			children = (
				36976C831C0CD25400B39243 /* Base */,
			);
			name = Main.storyboard;
			sourceTree = "<group>";
		};
		36976C871C0CD25400B39243 /* LaunchScreen.storyboard */ = {
			isa = PBXVariantGroup;
			children = (
				36976C881C0CD25400B39243 /* Base */,
			);
			name = LaunchScreen.storyboard;
			sourceTree = "<group>";
		};
/* End PBXVariantGroup section */

/* Begin XCBuildConfiguration section */
		36976C8B1C0CD25400B39243 /* Debug */ = {
			isa = XCBuildConfiguration;
			buildSettings = {
				ALWAYS_SEARCH_USER_PATHS = NO;
				CLANG_CXX_LANGUAGE_STANDARD = "gnu++0x";
				CLANG_CXX_LIBRARY = "libc++";
				CLANG_ENABLE_MODULES = YES;
				CLANG_ENABLE_OBJC_ARC = YES;
				CLANG_WARN_BOOL_CONVERSION = YES;
				CLANG_WARN_CONSTANT_CONVERSION = YES;
				CLANG_WARN_DIRECT_OBJC_ISA_USAGE = YES_ERROR;
				CLANG_WARN_EMPTY_BODY = YES;
				CLANG_WARN_ENUM_CONVERSION = YES;
				CLANG_WARN_INT_CONVERSION = YES;
				CLANG_WARN_OBJC_ROOT_CLASS = YES_ERROR;
				CLANG_WARN_UNREACHABLE_CODE = YES;
				CLANG_WARN__DUPLICATE_METHOD_MATCH = YES;
				"CODE_SIGN_IDENTITY[sdk=iphoneos*]" = "iPhone Developer";
				COPY_PHASE_STRIP = NO;
				DEBUG_INFORMATION_FORMAT = dwarf;
				ENABLE_STRICT_OBJC_MSGSEND = YES;
				ENABLE_TESTABILITY = YES;
				GCC_C_LANGUAGE_STANDARD = gnu99;
				GCC_DYNAMIC_NO_PIC = NO;
				GCC_NO_COMMON_BLOCKS = YES;
				GCC_OPTIMIZATION_LEVEL = 0;
				GCC_PREPROCESSOR_DEFINITIONS = (
					"DEBUG=1",
					"$(inherited)",
				);
				GCC_WARN_64_TO_32_BIT_CONVERSION = YES;
				GCC_WARN_ABOUT_RETURN_TYPE = YES_ERROR;
				GCC_WARN_UNDECLARED_SELECTOR = YES;
				GCC_WARN_UNINITIALIZED_AUTOS = YES_AGGRESSIVE;
				GCC_WARN_UNUSED_FUNCTION = YES;
				GCC_WARN_UNUSED_VARIABLE = YES;
				IPHONEOS_DEPLOYMENT_TARGET = 9.1;
				MTL_ENABLE_DEBUG_INFO = YES;
				ONLY_ACTIVE_ARCH = YES;
				SDKROOT = iphoneos;
				SWIFT_OPTIMIZATION_LEVEL = "-Onone";
			};
			name = Debug;
		};
		36976C8C1C0CD25400B39243 /* Release */ = {
			isa = XCBuildConfiguration;
			buildSettings = {
				ALWAYS_SEARCH_USER_PATHS = NO;
				CLANG_CXX_LANGUAGE_STANDARD = "gnu++0x";
				CLANG_CXX_LIBRARY = "libc++";
				CLANG_ENABLE_MODULES = YES;
				CLANG_ENABLE_OBJC_ARC = YES;
				CLANG_WARN_BOOL_CONVERSION = YES;
				CLANG_WARN_CONSTANT_CONVERSION = YES;
				CLANG_WARN_DIRECT_OBJC_ISA_USAGE = YES_ERROR;
				CLANG_WARN_EMPTY_BODY = YES;
				CLANG_WARN_ENUM_CONVERSION = YES;
				CLANG_WARN_INT_CONVERSION = YES;
				CLANG_WARN_OBJC_ROOT_CLASS = YES_ERROR;
				CLANG_WARN_UNREACHABLE_CODE = YES;
				CLANG_WARN__DUPLICATE_METHOD_MATCH = YES;
				"CODE_SIGN_IDENTITY[sdk=iphoneos*]" = "iPhone Developer";
				COPY_PHASE_STRIP = NO;
				DEBUG_INFORMATION_FORMAT = "dwarf-with-dsym";
				ENABLE_NS_ASSERTIONS = NO;
				ENABLE_STRICT_OBJC_MSGSEND = YES;
				GCC_C_LANGUAGE_STANDARD = gnu99;
				GCC_NO_COMMON_BLOCKS = YES;
				GCC_WARN_64_TO_32_BIT_CONVERSION = YES;
				GCC_WARN_ABOUT_RETURN_TYPE = YES_ERROR;
				GCC_WARN_UNDECLARED_SELECTOR = YES;
				GCC_WARN_UNINITIALIZED_AUTOS = YES_AGGRESSIVE;
				GCC_WARN_UNUSED_FUNCTION = YES;
				GCC_WARN_UNUSED_VARIABLE = YES;
				IPHONEOS_DEPLOYMENT_TARGET = 9.1;
				MTL_ENABLE_DEBUG_INFO = NO;
				SDKROOT = iphoneos;
				VALIDATE_PRODUCT = YES;
			};
			name = Release;
		};
		36976C8E1C0CD25400B39243 /* Debug */ = {
			isa = XCBuildConfiguration;
			buildSettings = {
				ASSETCATALOG_COMPILER_APPICON_NAME = AppIcon;
				INFOPLIST_FILE = "FreshController Demo/Info.plist";
				IPHONEOS_DEPLOYMENT_TARGET = 8.0;
				LD_RUNPATH_SEARCH_PATHS = "$(inherited) @executable_path/Frameworks";
				PRODUCT_BUNDLE_IDENTIFIER = "haixin.FreshController-Demo";
				PRODUCT_NAME = "$(TARGET_NAME)";
			};
			name = Debug;
		};
		36976C8F1C0CD25400B39243 /* Release */ = {
			isa = XCBuildConfiguration;
			buildSettings = {
				ASSETCATALOG_COMPILER_APPICON_NAME = AppIcon;
				INFOPLIST_FILE = "FreshController Demo/Info.plist";
				IPHONEOS_DEPLOYMENT_TARGET = 8.0;
				LD_RUNPATH_SEARCH_PATHS = "$(inherited) @executable_path/Frameworks";
				PRODUCT_BUNDLE_IDENTIFIER = "haixin.FreshController-Demo";
				PRODUCT_NAME = "$(TARGET_NAME)";
			};
			name = Release;
		};
/* End XCBuildConfiguration section */

/* Begin XCConfigurationList section */
		36976C761C0CD25400B39243 /* Build configuration list for PBXProject "FreshController Demo" */ = {
			isa = XCConfigurationList;
			buildConfigurations = (
				36976C8B1C0CD25400B39243 /* Debug */,
				36976C8C1C0CD25400B39243 /* Release */,
			);
			defaultConfigurationIsVisible = 0;
			defaultConfigurationName = Release;
		};
		36976C8D1C0CD25400B39243 /* Build configuration list for PBXNativeTarget "FreshController Demo" */ = {
			isa = XCConfigurationList;
			buildConfigurations = (
				36976C8E1C0CD25400B39243 /* Debug */,
				36976C8F1C0CD25400B39243 /* Release */,
			);
			defaultConfigurationIsVisible = 0;
			defaultConfigurationName = Release;
		};
/* End XCConfigurationList section */
	};
	rootObject = 36976C731C0CD25400B39243 /* Project object */;
}
